// !$*UTF8*$!
{
	archiveVersion = 1;
	classes = {
	};
	objectVersion = 46;
	objects = {

/* Begin PBXBuildFile section */
		E4D0A2D51DD2A8280045070B /* ProfileViewController.swift in Sources */ = {isa = PBXBuildFile; fileRef = E4D0A2D41DD2A8280045070B /* ProfileViewController.swift */; };
		EB0642861DAB20D500BDFEDC /* AppDelegate.swift in Sources */ = {isa = PBXBuildFile; fileRef = EB0642851DAB20D500BDFEDC /* AppDelegate.swift */; };
		EB06428B1DAB20D500BDFEDC /* Main.storyboard in Resources */ = {isa = PBXBuildFile; fileRef = EB0642891DAB20D500BDFEDC /* Main.storyboard */; };
		EB06428D1DAB20D500BDFEDC /* Assets.xcassets in Resources */ = {isa = PBXBuildFile; fileRef = EB06428C1DAB20D500BDFEDC /* Assets.xcassets */; };
		EB0642901DAB20D500BDFEDC /* LaunchScreen.storyboard in Resources */ = {isa = PBXBuildFile; fileRef = EB06428E1DAB20D500BDFEDC /* LaunchScreen.storyboard */; };
		EB06429B1DAB20D500BDFEDC /* PinGTests.swift in Sources */ = {isa = PBXBuildFile; fileRef = EB06429A1DAB20D500BDFEDC /* PinGTests.swift */; };
		EB0642A61DAB20D500BDFEDC /* PinGUITests.swift in Sources */ = {isa = PBXBuildFile; fileRef = EB0642A51DAB20D500BDFEDC /* PinGUITests.swift */; };
		EB0642B51DAB20E900BDFEDC /* CoreLocation.framework in Frameworks */ = {isa = PBXBuildFile; fileRef = EB0642B41DAB20E900BDFEDC /* CoreLocation.framework */; };
		EB0642B71DAB20EF00BDFEDC /* MapKit.framework in Frameworks */ = {isa = PBXBuildFile; fileRef = EB0642B61DAB20EF00BDFEDC /* MapKit.framework */; };
		EB0642BB1DAB2B4100BDFEDC /* LoginViewController.swift in Sources */ = {isa = PBXBuildFile; fileRef = EB0642BA1DAB2B4100BDFEDC /* LoginViewController.swift */; };
		EB0642BD1DAB317600BDFEDC /* MapViewController.swift in Sources */ = {isa = PBXBuildFile; fileRef = EB0642BC1DAB317600BDFEDC /* MapViewController.swift */; };
		EB066A851DB4709900FC8C93 /* PingAddView.xib in Resources */ = {isa = PBXBuildFile; fileRef = EB066A841DB4709900FC8C93 /* PingAddView.xib */; };
		EB066A871DB4710000FC8C93 /* PingAddView.swift in Sources */ = {isa = PBXBuildFile; fileRef = EB066A861DB4710000FC8C93 /* PingAddView.swift */; };
		EB8B2DD31DAD943900920A81 /* Ping.swift in Sources */ = {isa = PBXBuildFile; fileRef = EB8B2DD21DAD943900920A81 /* Ping.swift */; };
		EB8B84721DC2B1F700893744 /* NewUserViewController.swift in Sources */ = {isa = PBXBuildFile; fileRef = EB8B84711DC2B1F700893744 /* NewUserViewController.swift */; };
		EBE463DC1DB04BAE00882D8C /* Shared.swift in Sources */ = {isa = PBXBuildFile; fileRef = EBE463DB1DB04BAE00882D8C /* Shared.swift */; };
/* End PBXBuildFile section */

/* Begin PBXContainerItemProxy section */
		EB0642971DAB20D500BDFEDC /* PBXContainerItemProxy */ = {
			isa = PBXContainerItemProxy;
			containerPortal = EB06427A1DAB20D400BDFEDC /* Project object */;
			proxyType = 1;
			remoteGlobalIDString = EB0642811DAB20D400BDFEDC;
			remoteInfo = PinG;
		};
		EB0642A21DAB20D500BDFEDC /* PBXContainerItemProxy */ = {
			isa = PBXContainerItemProxy;
			containerPortal = EB06427A1DAB20D400BDFEDC /* Project object */;
			proxyType = 1;
			remoteGlobalIDString = EB0642811DAB20D400BDFEDC;
			remoteInfo = PinG;
		};
/* End PBXContainerItemProxy section */

/* Begin PBXFileReference section */
		E4D0A2D41DD2A8280045070B /* ProfileViewController.swift */ = {isa = PBXFileReference; fileEncoding = 4; lastKnownFileType = sourcecode.swift; path = ProfileViewController.swift; sourceTree = "<group>"; };
		EB0642821DAB20D400BDFEDC /* PinG.app */ = {isa = PBXFileReference; explicitFileType = wrapper.application; includeInIndex = 0; path = PinG.app; sourceTree = BUILT_PRODUCTS_DIR; };
		EB0642851DAB20D500BDFEDC /* AppDelegate.swift */ = {isa = PBXFileReference; lastKnownFileType = sourcecode.swift; path = AppDelegate.swift; sourceTree = "<group>"; };
		EB06428A1DAB20D500BDFEDC /* Base */ = {isa = PBXFileReference; lastKnownFileType = file.storyboard; name = Base; path = Base.lproj/Main.storyboard; sourceTree = "<group>"; };
		EB06428C1DAB20D500BDFEDC /* Assets.xcassets */ = {isa = PBXFileReference; lastKnownFileType = folder.assetcatalog; path = Assets.xcassets; sourceTree = "<group>"; };
		EB06428F1DAB20D500BDFEDC /* Base */ = {isa = PBXFileReference; lastKnownFileType = file.storyboard; name = Base; path = Base.lproj/LaunchScreen.storyboard; sourceTree = "<group>"; };
		EB0642911DAB20D500BDFEDC /* Info.plist */ = {isa = PBXFileReference; lastKnownFileType = text.plist.xml; path = Info.plist; sourceTree = "<group>"; };
		EB0642961DAB20D500BDFEDC /* PinGTests.xctest */ = {isa = PBXFileReference; explicitFileType = wrapper.cfbundle; includeInIndex = 0; path = PinGTests.xctest; sourceTree = BUILT_PRODUCTS_DIR; };
		EB06429A1DAB20D500BDFEDC /* PinGTests.swift */ = {isa = PBXFileReference; lastKnownFileType = sourcecode.swift; path = PinGTests.swift; sourceTree = "<group>"; };
		EB06429C1DAB20D500BDFEDC /* Info.plist */ = {isa = PBXFileReference; lastKnownFileType = text.plist.xml; path = Info.plist; sourceTree = "<group>"; };
		EB0642A11DAB20D500BDFEDC /* PinGUITests.xctest */ = {isa = PBXFileReference; explicitFileType = wrapper.cfbundle; includeInIndex = 0; path = PinGUITests.xctest; sourceTree = BUILT_PRODUCTS_DIR; };
		EB0642A51DAB20D500BDFEDC /* PinGUITests.swift */ = {isa = PBXFileReference; lastKnownFileType = sourcecode.swift; path = PinGUITests.swift; sourceTree = "<group>"; };
		EB0642A71DAB20D500BDFEDC /* Info.plist */ = {isa = PBXFileReference; lastKnownFileType = text.plist.xml; path = Info.plist; sourceTree = "<group>"; };
		EB0642B41DAB20E900BDFEDC /* CoreLocation.framework */ = {isa = PBXFileReference; lastKnownFileType = wrapper.framework; name = CoreLocation.framework; path = System/Library/Frameworks/CoreLocation.framework; sourceTree = SDKROOT; };
		EB0642B61DAB20EF00BDFEDC /* MapKit.framework */ = {isa = PBXFileReference; lastKnownFileType = wrapper.framework; name = MapKit.framework; path = System/Library/Frameworks/MapKit.framework; sourceTree = SDKROOT; };
		EB0642BA1DAB2B4100BDFEDC /* LoginViewController.swift */ = {isa = PBXFileReference; fileEncoding = 4; lastKnownFileType = sourcecode.swift; name = LoginViewController.swift; path = ../LoginViewController.swift; sourceTree = "<group>"; };
		EB0642BC1DAB317600BDFEDC /* MapViewController.swift */ = {isa = PBXFileReference; fileEncoding = 4; lastKnownFileType = sourcecode.swift; path = MapViewController.swift; sourceTree = "<group>"; };
		EB066A841DB4709900FC8C93 /* PingAddView.xib */ = {isa = PBXFileReference; fileEncoding = 4; lastKnownFileType = file.xib; name = PingAddView.xib; path = ../PingAddView.xib; sourceTree = "<group>"; };
		EB066A861DB4710000FC8C93 /* PingAddView.swift */ = {isa = PBXFileReference; fileEncoding = 4; lastKnownFileType = sourcecode.swift; name = PingAddView.swift; path = ../PingAddView.swift; sourceTree = "<group>"; };
		EB8B2DD21DAD943900920A81 /* Ping.swift */ = {isa = PBXFileReference; fileEncoding = 4; lastKnownFileType = sourcecode.swift; path = Ping.swift; sourceTree = "<group>"; };
		EB8B84711DC2B1F700893744 /* NewUserViewController.swift */ = {isa = PBXFileReference; fileEncoding = 4; lastKnownFileType = sourcecode.swift; name = NewUserViewController.swift; path = ../NewUserViewController.swift; sourceTree = "<group>"; };
		EBE463DB1DB04BAE00882D8C /* Shared.swift */ = {isa = PBXFileReference; fileEncoding = 4; lastKnownFileType = sourcecode.swift; path = Shared.swift; sourceTree = "<group>"; };
/* End PBXFileReference section */

/* Begin PBXFrameworksBuildPhase section */
		EB06427F1DAB20D400BDFEDC /* Frameworks */ = {
			isa = PBXFrameworksBuildPhase;
			buildActionMask = 2147483647;
			files = (
				EB0642B71DAB20EF00BDFEDC /* MapKit.framework in Frameworks */,
				EB0642B51DAB20E900BDFEDC /* CoreLocation.framework in Frameworks */,
			);
			runOnlyForDeploymentPostprocessing = 0;
		};
		EB0642931DAB20D500BDFEDC /* Frameworks */ = {
			isa = PBXFrameworksBuildPhase;
			buildActionMask = 2147483647;
			files = (
			);
			runOnlyForDeploymentPostprocessing = 0;
		};
		EB06429E1DAB20D500BDFEDC /* Frameworks */ = {
			isa = PBXFrameworksBuildPhase;
			buildActionMask = 2147483647;
			files = (
			);
			runOnlyForDeploymentPostprocessing = 0;
		};
/* End PBXFrameworksBuildPhase section */

/* Begin PBXGroup section */
		EB0642791DAB20D400BDFEDC = {
			isa = PBXGroup;
			children = (
				EB0642841DAB20D400BDFEDC /* PinG */,
				EB0642991DAB20D500BDFEDC /* PinGTests */,
				EB0642A41DAB20D500BDFEDC /* PinGUITests */,
				EB0642831DAB20D400BDFEDC /* Products */,
				EB0642B31DAB20E900BDFEDC /* Frameworks */,
			);
			sourceTree = "<group>";
		};
		EB0642831DAB20D400BDFEDC /* Products */ = {
			isa = PBXGroup;
			children = (
				EB0642821DAB20D400BDFEDC /* PinG.app */,
				EB0642961DAB20D500BDFEDC /* PinGTests.xctest */,
				EB0642A11DAB20D500BDFEDC /* PinGUITests.xctest */,
			);
			name = Products;
			sourceTree = "<group>";
		};
		EB0642841DAB20D400BDFEDC /* PinG */ = {
			isa = PBXGroup;
			children = (
				EB066A881DB4711700FC8C93 /* PingAddView */,
				EB0642851DAB20D500BDFEDC /* AppDelegate.swift */,
				EB0642BA1DAB2B4100BDFEDC /* LoginViewController.swift */,
				EB8B84711DC2B1F700893744 /* NewUserViewController.swift */,
				EB0642BC1DAB317600BDFEDC /* MapViewController.swift */,
				E4D0A2D41DD2A8280045070B /* ProfileViewController.swift */,
				EB8B2DD21DAD943900920A81 /* Ping.swift */,
				EB0642891DAB20D500BDFEDC /* Main.storyboard */,
				EB06428C1DAB20D500BDFEDC /* Assets.xcassets */,
				EB06428E1DAB20D500BDFEDC /* LaunchScreen.storyboard */,
				EB0642911DAB20D500BDFEDC /* Info.plist */,
				EBE463DB1DB04BAE00882D8C /* Shared.swift */,
			);
			path = PinG;
			sourceTree = "<group>";
		};
		EB0642991DAB20D500BDFEDC /* PinGTests */ = {
			isa = PBXGroup;
			children = (
				EB06429A1DAB20D500BDFEDC /* PinGTests.swift */,
				EB06429C1DAB20D500BDFEDC /* Info.plist */,
			);
			path = PinGTests;
			sourceTree = "<group>";
		};
		EB0642A41DAB20D500BDFEDC /* PinGUITests */ = {
			isa = PBXGroup;
			children = (
				EB0642A51DAB20D500BDFEDC /* PinGUITests.swift */,
				EB0642A71DAB20D500BDFEDC /* Info.plist */,
			);
			path = PinGUITests;
			sourceTree = "<group>";
		};
		EB0642B31DAB20E900BDFEDC /* Frameworks */ = {
			isa = PBXGroup;
			children = (
				EB0642B61DAB20EF00BDFEDC /* MapKit.framework */,
				EB0642B41DAB20E900BDFEDC /* CoreLocation.framework */,
			);
			name = Frameworks;
			sourceTree = "<group>";
		};
		EB066A881DB4711700FC8C93 /* PingAddView */ = {
			isa = PBXGroup;
			children = (
				EB066A841DB4709900FC8C93 /* PingAddView.xib */,
				EB066A861DB4710000FC8C93 /* PingAddView.swift */,
			);
			name = PingAddView;
			sourceTree = "<group>";
		};
/* End PBXGroup section */

/* Begin PBXNativeTarget section */
		EB0642811DAB20D400BDFEDC /* PinG */ = {
			isa = PBXNativeTarget;
			buildConfigurationList = EB0642AA1DAB20D500BDFEDC /* Build configuration list for PBXNativeTarget "PinG" */;
			buildPhases = (
				EB06427E1DAB20D400BDFEDC /* Sources */,
				EB06427F1DAB20D400BDFEDC /* Frameworks */,
				EB0642801DAB20D400BDFEDC /* Resources */,
			);
			buildRules = (
			);
			dependencies = (
			);
			name = PinG;
			productName = PinG;
			productReference = EB0642821DAB20D400BDFEDC /* PinG.app */;
			productType = "com.apple.product-type.application";
		};
		EB0642951DAB20D500BDFEDC /* PinGTests */ = {
			isa = PBXNativeTarget;
			buildConfigurationList = EB0642AD1DAB20D500BDFEDC /* Build configuration list for PBXNativeTarget "PinGTests" */;
			buildPhases = (
				EB0642921DAB20D500BDFEDC /* Sources */,
				EB0642931DAB20D500BDFEDC /* Frameworks */,
				EB0642941DAB20D500BDFEDC /* Resources */,
			);
			buildRules = (
			);
			dependencies = (
				EB0642981DAB20D500BDFEDC /* PBXTargetDependency */,
			);
			name = PinGTests;
			productName = PinGTests;
			productReference = EB0642961DAB20D500BDFEDC /* PinGTests.xctest */;
			productType = "com.apple.product-type.bundle.unit-test";
		};
		EB0642A01DAB20D500BDFEDC /* PinGUITests */ = {
			isa = PBXNativeTarget;
			buildConfigurationList = EB0642B01DAB20D500BDFEDC /* Build configuration list for PBXNativeTarget "PinGUITests" */;
			buildPhases = (
				EB06429D1DAB20D500BDFEDC /* Sources */,
				EB06429E1DAB20D500BDFEDC /* Frameworks */,
				EB06429F1DAB20D500BDFEDC /* Resources */,
			);
			buildRules = (
			);
			dependencies = (
				EB0642A31DAB20D500BDFEDC /* PBXTargetDependency */,
			);
			name = PinGUITests;
			productName = PinGUITests;
			productReference = EB0642A11DAB20D500BDFEDC /* PinGUITests.xctest */;
			productType = "com.apple.product-type.bundle.ui-testing";
		};
/* End PBXNativeTarget section */

/* Begin PBXProject section */
		EB06427A1DAB20D400BDFEDC /* Project object */ = {
			isa = PBXProject;
			attributes = {
				LastSwiftUpdateCheck = 0800;
				LastUpgradeCheck = 0800;
				ORGANIZATIONNAME = "PinG Team";
				TargetAttributes = {
					EB0642811DAB20D400BDFEDC = {
						CreatedOnToolsVersion = 8.0;
						ProvisioningStyle = Automatic;
					};
					EB0642951DAB20D500BDFEDC = {
						CreatedOnToolsVersion = 8.0;
						ProvisioningStyle = Automatic;
						TestTargetID = EB0642811DAB20D400BDFEDC;
					};
					EB0642A01DAB20D500BDFEDC = {
						CreatedOnToolsVersion = 8.0;
						ProvisioningStyle = Automatic;
						TestTargetID = EB0642811DAB20D400BDFEDC;
					};
				};
			};
			buildConfigurationList = EB06427D1DAB20D400BDFEDC /* Build configuration list for PBXProject "PinG" */;
			compatibilityVersion = "Xcode 3.2";
			developmentRegion = English;
			hasScannedForEncodings = 0;
			knownRegions = (
				en,
				Base,
			);
			mainGroup = EB0642791DAB20D400BDFEDC;
			productRefGroup = EB0642831DAB20D400BDFEDC /* Products */;
			projectDirPath = "";
			projectRoot = "";
			targets = (
				EB0642811DAB20D400BDFEDC /* PinG */,
				EB0642951DAB20D500BDFEDC /* PinGTests */,
				EB0642A01DAB20D500BDFEDC /* PinGUITests */,
			);
		};
/* End PBXProject section */

/* Begin PBXResourcesBuildPhase section */
		EB0642801DAB20D400BDFEDC /* Resources */ = {
			isa = PBXResourcesBuildPhase;
			buildActionMask = 2147483647;
			files = (
				EB0642901DAB20D500BDFEDC /* LaunchScreen.storyboard in Resources */,
				EB06428D1DAB20D500BDFEDC /* Assets.xcassets in Resources */,
				EB066A851DB4709900FC8C93 /* PingAddView.xib in Resources */,
				EB06428B1DAB20D500BDFEDC /* Main.storyboard in Resources */,
			);
			runOnlyForDeploymentPostprocessing = 0;
		};
		EB0642941DAB20D500BDFEDC /* Resources */ = {
			isa = PBXResourcesBuildPhase;
			buildActionMask = 2147483647;
			files = (
			);
			runOnlyForDeploymentPostprocessing = 0;
		};
		EB06429F1DAB20D500BDFEDC /* Resources */ = {
			isa = PBXResourcesBuildPhase;
			buildActionMask = 2147483647;
			files = (
			);
			runOnlyForDeploymentPostprocessing = 0;
		};
/* End PBXResourcesBuildPhase section */

/* Begin PBXSourcesBuildPhase section */
		EB06427E1DAB20D400BDFEDC /* Sources */ = {
			isa = PBXSourcesBuildPhase;
			buildActionMask = 2147483647;
			files = (
				EBE463DC1DB04BAE00882D8C /* Shared.swift in Sources */,
				EB0642BB1DAB2B4100BDFEDC /* LoginViewController.swift in Sources */,
				EB0642BD1DAB317600BDFEDC /* MapViewController.swift in Sources */,
				EB0642861DAB20D500BDFEDC /* AppDelegate.swift in Sources */,
				EB066A871DB4710000FC8C93 /* PingAddView.swift in Sources */,
				EB8B2DD31DAD943900920A81 /* Ping.swift in Sources */,
				E4D0A2D51DD2A8280045070B /* ProfileViewController.swift in Sources */,
				EB8B84721DC2B1F700893744 /* NewUserViewController.swift in Sources */,
			);
			runOnlyForDeploymentPostprocessing = 0;
		};
		EB0642921DAB20D500BDFEDC /* Sources */ = {
			isa = PBXSourcesBuildPhase;
			buildActionMask = 2147483647;
			files = (
				EB06429B1DAB20D500BDFEDC /* PinGTests.swift in Sources */,
			);
			runOnlyForDeploymentPostprocessing = 0;
		};
		EB06429D1DAB20D500BDFEDC /* Sources */ = {
			isa = PBXSourcesBuildPhase;
			buildActionMask = 2147483647;
			files = (
				EB0642A61DAB20D500BDFEDC /* PinGUITests.swift in Sources */,
			);
			runOnlyForDeploymentPostprocessing = 0;
		};
/* End PBXSourcesBuildPhase section */

/* Begin PBXTargetDependency section */
		EB0642981DAB20D500BDFEDC /* PBXTargetDependency */ = {
			isa = PBXTargetDependency;
			target = EB0642811DAB20D400BDFEDC /* PinG */;
			targetProxy = EB0642971DAB20D500BDFEDC /* PBXContainerItemProxy */;
		};
		EB0642A31DAB20D500BDFEDC /* PBXTargetDependency */ = {
			isa = PBXTargetDependency;
			target = EB0642811DAB20D400BDFEDC /* PinG */;
			targetProxy = EB0642A21DAB20D500BDFEDC /* PBXContainerItemProxy */;
		};
/* End PBXTargetDependency section */

/* Begin PBXVariantGroup section */
		EB0642891DAB20D500BDFEDC /* Main.storyboard */ = {
			isa = PBXVariantGroup;
			children = (
				EB06428A1DAB20D500BDFEDC /* Base */,
			);
			name = Main.storyboard;
			sourceTree = "<group>";
		};
		EB06428E1DAB20D500BDFEDC /* LaunchScreen.storyboard */ = {
			isa = PBXVariantGroup;
			children = (
				EB06428F1DAB20D500BDFEDC /* Base */,
			);
			name = LaunchScreen.storyboard;
			sourceTree = "<group>";
		};
/* End PBXVariantGroup section */

/* Begin XCBuildConfiguration section */
		EB0642A81DAB20D500BDFEDC /* Debug */ = {
			isa = XCBuildConfiguration;
			buildSettings = {
				ALWAYS_SEARCH_USER_PATHS = NO;
				CLANG_ANALYZER_NONNULL = YES;
				CLANG_CXX_LANGUAGE_STANDARD = "gnu++0x";
				CLANG_CXX_LIBRARY = "libc++";
				CLANG_ENABLE_MODULES = YES;
				CLANG_ENABLE_OBJC_ARC = YES;
				CLANG_WARN_BOOL_CONVERSION = YES;
				CLANG_WARN_CONSTANT_CONVERSION = YES;
				CLANG_WARN_DIRECT_OBJC_ISA_USAGE = YES_ERROR;
				CLANG_WARN_DOCUMENTATION_COMMENTS = YES;
				CLANG_WARN_EMPTY_BODY = YES;
				CLANG_WARN_ENUM_CONVERSION = YES;
				CLANG_WARN_INFINITE_RECURSION = YES;
				CLANG_WARN_INT_CONVERSION = YES;
				CLANG_WARN_OBJC_ROOT_CLASS = YES_ERROR;
				CLANG_WARN_SUSPICIOUS_MOVES = YES;
				CLANG_WARN_UNREACHABLE_CODE = YES;
				CLANG_WARN__DUPLICATE_METHOD_MATCH = YES;
				"CODE_SIGN_IDENTITY[sdk=iphoneos*]" = "iPhone Developer";
				COPY_PHASE_STRIP = NO;
				DEBUG_INFORMATION_FORMAT = dwarf;
				ENABLE_STRICT_OBJC_MSGSEND = YES;
				ENABLE_TESTABILITY = YES;
				GCC_C_LANGUAGE_STANDARD = gnu99;
				GCC_DYNAMIC_NO_PIC = NO;
				GCC_NO_COMMON_BLOCKS = YES;
				GCC_OPTIMIZATION_LEVEL = 0;
				GCC_PREPROCESSOR_DEFINITIONS = (
					"DEBUG=1",
					"$(inherited)",
				);
				GCC_WARN_64_TO_32_BIT_CONVERSION = YES;
				GCC_WARN_ABOUT_RETURN_TYPE = YES_ERROR;
				GCC_WARN_UNDECLARED_SELECTOR = YES;
				GCC_WARN_UNINITIALIZED_AUTOS = YES_AGGRESSIVE;
				GCC_WARN_UNUSED_FUNCTION = YES;
				GCC_WARN_UNUSED_VARIABLE = YES;
				IPHONEOS_DEPLOYMENT_TARGET = 10.0;
				MTL_ENABLE_DEBUG_INFO = YES;
				ONLY_ACTIVE_ARCH = YES;
				SDKROOT = iphoneos;
				SWIFT_ACTIVE_COMPILATION_CONDITIONS = DEBUG;
				SWIFT_OPTIMIZATION_LEVEL = "-Onone";
				TARGETED_DEVICE_FAMILY = "1,2";
			};
			name = Debug;
		};
		EB0642A91DAB20D500BDFEDC /* Release */ = {
			isa = XCBuildConfiguration;
			buildSettings = {
				ALWAYS_SEARCH_USER_PATHS = NO;
				CLANG_ANALYZER_NONNULL = YES;
				CLANG_CXX_LANGUAGE_STANDARD = "gnu++0x";
				CLANG_CXX_LIBRARY = "libc++";
				CLANG_ENABLE_MODULES = YES;
				CLANG_ENABLE_OBJC_ARC = YES;
				CLANG_WARN_BOOL_CONVERSION = YES;
				CLANG_WARN_CONSTANT_CONVERSION = YES;
				CLANG_WARN_DIRECT_OBJC_ISA_USAGE = YES_ERROR;
				CLANG_WARN_DOCUMENTATION_COMMENTS = YES;
				CLANG_WARN_EMPTY_BODY = YES;
				CLANG_WARN_ENUM_CONVERSION = YES;
				CLANG_WARN_INFINITE_RECURSION = YES;
				CLANG_WARN_INT_CONVERSION = YES;
				CLANG_WARN_OBJC_ROOT_CLASS = YES_ERROR;
				CLANG_WARN_SUSPICIOUS_MOVES = YES;
				CLANG_WARN_UNREACHABLE_CODE = YES;
				CLANG_WARN__DUPLICATE_METHOD_MATCH = YES;
				"CODE_SIGN_IDENTITY[sdk=iphoneos*]" = "iPhone Developer";
				COPY_PHASE_STRIP = NO;
				DEBUG_INFORMATION_FORMAT = "dwarf-with-dsym";
				ENABLE_NS_ASSERTIONS = NO;
				ENABLE_STRICT_OBJC_MSGSEND = YES;
				GCC_C_LANGUAGE_STANDARD = gnu99;
				GCC_NO_COMMON_BLOCKS = YES;
				GCC_WARN_64_TO_32_BIT_CONVERSION = YES;
				GCC_WARN_ABOUT_RETURN_TYPE = YES_ERROR;
				GCC_WARN_UNDECLARED_SELECTOR = YES;
				GCC_WARN_UNINITIALIZED_AUTOS = YES_AGGRESSIVE;
				GCC_WARN_UNUSED_FUNCTION = YES;
				GCC_WARN_UNUSED_VARIABLE = YES;
				IPHONEOS_DEPLOYMENT_TARGET = 10.0;
				MTL_ENABLE_DEBUG_INFO = NO;
				SDKROOT = iphoneos;
				SWIFT_OPTIMIZATION_LEVEL = "-Owholemodule";
				TARGETED_DEVICE_FAMILY = "1,2";
				VALIDATE_PRODUCT = YES;
			};
			name = Release;
		};
		EB0642AB1DAB20D500BDFEDC /* Debug */ = {
			isa = XCBuildConfiguration;
			buildSettings = {
				ASSETCATALOG_COMPILER_APPICON_NAME = AppIcon;
				INFOPLIST_FILE = PinG/Info.plist;
				LD_RUNPATH_SEARCH_PATHS = "$(inherited) @executable_path/Frameworks";
				PRODUCT_BUNDLE_IDENTIFIER = PinGTeam.PinG;
				PRODUCT_NAME = "$(TARGET_NAME)";
				SWIFT_VERSION = 3.0;
			};
			name = Debug;
		};
		EB0642AC1DAB20D500BDFEDC /* Release */ = {
			isa = XCBuildConfiguration;
			buildSettings = {
				ASSETCATALOG_COMPILER_APPICON_NAME = AppIcon;
				INFOPLIST_FILE = PinG/Info.plist;
				LD_RUNPATH_SEARCH_PATHS = "$(inherited) @executable_path/Frameworks";
				PRODUCT_BUNDLE_IDENTIFIER = PinGTeam.PinG;
				PRODUCT_NAME = "$(TARGET_NAME)";
				SWIFT_VERSION = 3.0;
			};
			name = Release;
		};
		EB0642AE1DAB20D500BDFEDC /* Debug */ = {
			isa = XCBuildConfiguration;
			buildSettings = {
				ALWAYS_EMBED_SWIFT_STANDARD_LIBRARIES = YES;
				BUNDLE_LOADER = "$(TEST_HOST)";
				INFOPLIST_FILE = PinGTests/Info.plist;
				LD_RUNPATH_SEARCH_PATHS = "$(inherited) @executable_path/Frameworks @loader_path/Frameworks";
				PRODUCT_BUNDLE_IDENTIFIER = PinGTeam.PinGTests;
				PRODUCT_NAME = "$(TARGET_NAME)";
				SWIFT_VERSION = 3.0;
				TEST_HOST = "$(BUILT_PRODUCTS_DIR)/PinG.app/PinG";
			};
			name = Debug;
		};
		EB0642AF1DAB20D500BDFEDC /* Release */ = {
			isa = XCBuildConfiguration;
			buildSettings = {
				ALWAYS_EMBED_SWIFT_STANDARD_LIBRARIES = YES;
				BUNDLE_LOADER = "$(TEST_HOST)";
				INFOPLIST_FILE = PinGTests/Info.plist;
				LD_RUNPATH_SEARCH_PATHS = "$(inherited) @executable_path/Frameworks @loader_path/Frameworks";
				PRODUCT_BUNDLE_IDENTIFIER = PinGTeam.PinGTests;
				PRODUCT_NAME = "$(TARGET_NAME)";
				SWIFT_VERSION = 3.0;
				TEST_HOST = "$(BUILT_PRODUCTS_DIR)/PinG.app/PinG";
			};
			name = Release;
		};
		EB0642B11DAB20D500BDFEDC /* Debug */ = {
			isa = XCBuildConfiguration;
			buildSettings = {
				ALWAYS_EMBED_SWIFT_STANDARD_LIBRARIES = YES;
				INFOPLIST_FILE = PinGUITests/Info.plist;
				LD_RUNPATH_SEARCH_PATHS = "$(inherited) @executable_path/Frameworks @loader_path/Frameworks";
				PRODUCT_BUNDLE_IDENTIFIER = PinGTeam.PinGUITests;
				PRODUCT_NAME = "$(TARGET_NAME)";
				SWIFT_VERSION = 3.0;
				TEST_TARGET_NAME = PinG;
			};
			name = Debug;
		};
		EB0642B21DAB20D500BDFEDC /* Release */ = {
			isa = XCBuildConfiguration;
			buildSettings = {
				ALWAYS_EMBED_SWIFT_STANDARD_LIBRARIES = YES;
				INFOPLIST_FILE = PinGUITests/Info.plist;
				LD_RUNPATH_SEARCH_PATHS = "$(inherited) @executable_path/Frameworks @loader_path/Frameworks";
				PRODUCT_BUNDLE_IDENTIFIER = PinGTeam.PinGUITests;
				PRODUCT_NAME = "$(TARGET_NAME)";
				SWIFT_VERSION = 3.0;
				TEST_TARGET_NAME = PinG;
			};
			name = Release;
		};
/* End XCBuildConfiguration section */

/* Begin XCConfigurationList section */
		EB06427D1DAB20D400BDFEDC /* Build configuration list for PBXProject "PinG" */ = {
			isa = XCConfigurationList;
			buildConfigurations = (
				EB0642A81DAB20D500BDFEDC /* Debug */,
				EB0642A91DAB20D500BDFEDC /* Release */,
			);
			defaultConfigurationIsVisible = 0;
			defaultConfigurationName = Release;
		};
		EB0642AA1DAB20D500BDFEDC /* Build configuration list for PBXNativeTarget "PinG" */ = {
			isa = XCConfigurationList;
			buildConfigurations = (
				EB0642AB1DAB20D500BDFEDC /* Debug */,
				EB0642AC1DAB20D500BDFEDC /* Release */,
			);
			defaultConfigurationIsVisible = 0;
			defaultConfigurationName = Release;
		};
		EB0642AD1DAB20D500BDFEDC /* Build configuration list for PBXNativeTarget "PinGTests" */ = {
			isa = XCConfigurationList;
			buildConfigurations = (
				EB0642AE1DAB20D500BDFEDC /* Debug */,
				EB0642AF1DAB20D500BDFEDC /* Release */,
			);
			defaultConfigurationIsVisible = 0;
			defaultConfigurationName = Release;
		};
		EB0642B01DAB20D500BDFEDC /* Build configuration list for PBXNativeTarget "PinGUITests" */ = {
			isa = XCConfigurationList;
			buildConfigurations = (
				EB0642B11DAB20D500BDFEDC /* Debug */,
				EB0642B21DAB20D500BDFEDC /* Release */,
			);
			defaultConfigurationIsVisible = 0;
			defaultConfigurationName = Release;
		};
/* End XCConfigurationList section */
	};
	rootObject = EB06427A1DAB20D400BDFEDC /* Project object */;
}
